github.com/aws/aws-sdk-go v1.20.13 h1:Ojyd/HWs30K03id7hpFN/wMVigk3PWvkQXhJgKZjfzs=
github.com/aws/aws-sdk-go v1.20.13/go.mod h1:KmX6BPdI08NWTb3/sm4ZGu5ShLoqVDhKgpiN924inxo=
github.com/jmespath/go-jmespath v0.0.0-20180206201540-c2b33e8439af h1:pmfjZENx5imkbgOkpRUYLnmbU7UEFbjtDA2hxJ1ichM=
github.com/jmespath/go-jmespath v0.0.0-20180206201540-c2b33e8439af/go.mod h1:Nht3zPeWKUH0NzdCt2Blrr5ys8VGpn0CEB0cQHVjt7k=
github.com/sevlyar/go-daemon v0.1.5 h1:Zy/6jLbM8CfqJ4x4RPr7MJlSKt90f00kNM1D401C+Qk=
github.com/sevlyar/go-daemon v0.1.5/go.mod h1:6dJpPatBT9eUwM5VCw9Bt6CdX9Tk6UWvhW3MebLDRKE=
golang.org/x/sys v0.0.0-20190626221950-04f50cda93cb h1:fgwFCsaw9buMuxNd6+DQfAuSFqbNiQZpcgJQAgJsK6k=
golang.org/x/sys v0.0.0-20190626221950-04f50cda93cb/go.mod h1:h1NjWce9XRLGQEsW7wpKNCjG9DtNlClVuFLEZdDNbEs=
gopkg.in/sevlyar/go-daemon.v0 v0.1.5 h1:Q5luSr2FEhYBwklGxJEqqfTwDV+1q4/CXVtRxygJ0Tk=
gopkg.in/sevlyar/go-daemon.v0 v0.1.5/go.mod h1:4UN2ZR2Nmb6p5jMaVsJuRnJkh9dPBDIt0Kknjno/hdI=
